
Microsoft Visual Studio Solution File, Format Version 12.00
# Visual Studio 15
VisualStudioVersion = 15.0.28307.421
MinimumVisualStudioVersion = 10.0.40219.1
Project("{FAE04EC0-301F-11D3-BF4B-00C04F79EFBC}") = "Cubes", "Cubes\Cubes.csproj", "{3A8E4C7B-3A23-4682-A9A3-6625E43D5337}"
EndProject
Project("{FAE04EC0-301F-11D3-BF4B-00C04F79EFBC}") = "Cubes.Tests", "Cubes.Tests\Cubes.Tests.csproj", "{E055728C-C794-4F6C-9EE7-EF5CD4546EC1}"
EndProject
Global
	GlobalSection(SolutionConfigurationPlatforms) = preSolution
		Debug|Any CPU = Debug|Any CPU
		Release|Any CPU = Release|Any CPU
	EndGlobalSection
	GlobalSection(ProjectConfigurationPlatforms) = postSolution
		{3A8E4C7B-3A23-4682-A9A3-6625E43D5337}.Debug|Any CPU.ActiveCfg = Debug|Any CPU
		{3A8E4C7B-3A23-4682-A9A3-6625E43D5337}.Debug|Any CPU.Build.0 = Debug|Any CPU
		{3A8E4C7B-3A23-4682-A9A3-6625E43D5337}.Release|Any CPU.ActiveCfg = Release|Any CPU
		{3A8E4C7B-3A23-4682-A9A3-6625E43D5337}.Release|Any CPU.Build.0 = Release|Any CPU
		{E055728C-C794-4F6C-9EE7-EF5CD4546EC1}.Debug|Any CPU.ActiveCfg = Debug|Any CPU
		{E055728C-C794-4F6C-9EE7-EF5CD4546EC1}.Debug|Any CPU.Build.0 = Debug|Any CPU
		{E055728C-C794-4F6C-9EE7-EF5CD4546EC1}.Release|Any CPU.ActiveCfg = Release|Any CPU
		{E055728C-C794-4F6C-9EE7-EF5CD4546EC1}.Release|Any CPU.Build.0 = Release|Any CPU
	EndGlobalSection
	GlobalSection(SolutionProperties) = preSolution
		HideSolutionNode = FALSE
	EndGlobalSection
	GlobalSection(ExtensibilityGlobals) = postSolution
		SolutionGuid = {76D1A245-2733-410E-AE08-1E66FC55F432}
	EndGlobalSection
EndGlobal
